{
  "name": "nextjs",
  "version": "1.0.0",
  "lockfileVersion": 1,
  "requires": true,
  "dependencies": {
    "next-compose-plugins": {
      "version": "2.1.1",
      "resolved": "https://registry.npmjs.org/next-compose-plugins/-/next-compose-plugins-2.1.1.tgz",
      "integrity": "sha512-4yLtmGjnBlzuYdL66+c/zi8ljl24sK9jtP31UsTG1ZAAHj+ybWfEG/S+HMwK+pD2fNmJ4xQyr4xOubzExcS+Lg=="
    },
    "redux-devtools-extension": {
      "version": "2.13.2",
      "resolved": "https://registry.npmjs.org/redux-devtools-extension/-/redux-devtools-extension-2.13.2.tgz",
      "integrity": "sha1-4Pmo6N/KfBe+kscSSVijuU6ykR0=",
      "dev": true
    }
  }
}
